// !$*UTF8*$!
{
	archiveVersion = 1;
	classes = {
	};
	objectVersion = 50;
	objects = {

/* Begin PBXBuildFile section */
		1B4BC11B262F7D2100A561D2 /* ActivityModel.swift in Sources */ = {isa = PBXBuildFile; fileRef = 1B4BC11A262F7D2100A561D2 /* ActivityModel.swift */; };
		1B4BC124262F9ADC00A561D2 /* ActivityDataModel.xcdatamodeld in Sources */ = {isa = PBXBuildFile; fileRef = 1B4BC122262F9ADC00A561D2 /* ActivityDataModel.xcdatamodeld */; };
		1B5EA9F3262F3E54006FB701 /* AppDelegate.swift in Sources */ = {isa = PBXBuildFile; fileRef = 1B5EA9F2262F3E54006FB701 /* AppDelegate.swift */; };
		1B5EA9F5262F3E54006FB701 /* SceneDelegate.swift in Sources */ = {isa = PBXBuildFile; fileRef = 1B5EA9F4262F3E54006FB701 /* SceneDelegate.swift */; };
		1B5EA9F7262F3E54006FB701 /* ViewController.swift in Sources */ = {isa = PBXBuildFile; fileRef = 1B5EA9F6262F3E54006FB701 /* ViewController.swift */; };
		1B5EA9FF262F3E58006FB701 /* Assets.xcassets in Resources */ = {isa = PBXBuildFile; fileRef = 1B5EA9FE262F3E58006FB701 /* Assets.xcassets */; };
		1B5EAA02262F3E58006FB701 /* LaunchScreen.storyboard in Resources */ = {isa = PBXBuildFile; fileRef = 1B5EAA00262F3E58006FB701 /* LaunchScreen.storyboard */; };
		1B5EAA0C262F3EFE006FB701 /* Activity.swift in Sources */ = {isa = PBXBuildFile; fileRef = 1B5EAA0B262F3EFE006FB701 /* Activity.swift */; };
		1B5EAA11262F4278006FB701 /* ActivtyFetcher.swift in Sources */ = {isa = PBXBuildFile; fileRef = 1B5EAA10262F4277006FB701 /* ActivtyFetcher.swift */; };
		1B5EAA1D262F56B3006FB701 /* ActivityController.swift in Sources */ = {isa = PBXBuildFile; fileRef = 1B5EAA1C262F56B3006FB701 /* ActivityController.swift */; };
		1B5EAA23262F65AE006FB701 /* TableView.swift in Sources */ = {isa = PBXBuildFile; fileRef = 1B5EAA22262F65AE006FB701 /* TableView.swift */; };
		1B5EAA26262F66DE006FB701 /* CellView.swift in Sources */ = {isa = PBXBuildFile; fileRef = 1B5EAA25262F66DE006FB701 /* CellView.swift */; };
		1B5EAA2B262F6AAD006FB701 /* Main.storyboard in Resources */ = {isa = PBXBuildFile; fileRef = 1B5EAA29262F6AAD006FB701 /* Main.storyboard */; };
/* End PBXBuildFile section */

/* Begin PBXFileReference section */
		1B4BC11A262F7D2100A561D2 /* ActivityModel.swift */ = {isa = PBXFileReference; lastKnownFileType = sourcecode.swift; path = ActivityModel.swift; sourceTree = "<group>"; };
		1B4BC123262F9ADC00A561D2 /* ActivityDataModel.xcdatamodel */ = {isa = PBXFileReference; lastKnownFileType = wrapper.xcdatamodel; path = ActivityDataModel.xcdatamodel; sourceTree = "<group>"; };
		1B5EA9EF262F3E54006FB701 /* Rocco_Bored.app */ = {isa = PBXFileReference; explicitFileType = wrapper.application; includeInIndex = 0; path = Rocco_Bored.app; sourceTree = BUILT_PRODUCTS_DIR; };
		1B5EA9F2262F3E54006FB701 /* AppDelegate.swift */ = {isa = PBXFileReference; lastKnownFileType = sourcecode.swift; path = AppDelegate.swift; sourceTree = "<group>"; };
		1B5EA9F4262F3E54006FB701 /* SceneDelegate.swift */ = {isa = PBXFileReference; lastKnownFileType = sourcecode.swift; path = SceneDelegate.swift; sourceTree = "<group>"; };
		1B5EA9F6262F3E54006FB701 /* ViewController.swift */ = {isa = PBXFileReference; lastKnownFileType = sourcecode.swift; path = ViewController.swift; sourceTree = "<group>"; };
		1B5EA9FE262F3E58006FB701 /* Assets.xcassets */ = {isa = PBXFileReference; lastKnownFileType = folder.assetcatalog; path = Assets.xcassets; sourceTree = "<group>"; };
		1B5EAA01262F3E58006FB701 /* Base */ = {isa = PBXFileReference; lastKnownFileType = file.storyboard; name = Base; path = Base.lproj/LaunchScreen.storyboard; sourceTree = "<group>"; };
		1B5EAA03262F3E58006FB701 /* Info.plist */ = {isa = PBXFileReference; lastKnownFileType = text.plist.xml; path = Info.plist; sourceTree = "<group>"; };
		1B5EAA0B262F3EFE006FB701 /* Activity.swift */ = {isa = PBXFileReference; lastKnownFileType = sourcecode.swift; path = Activity.swift; sourceTree = "<group>"; };
		1B5EAA10262F4277006FB701 /* ActivtyFetcher.swift */ = {isa = PBXFileReference; lastKnownFileType = sourcecode.swift; path = ActivtyFetcher.swift; sourceTree = "<group>"; };
		1B5EAA1C262F56B3006FB701 /* ActivityController.swift */ = {isa = PBXFileReference; lastKnownFileType = sourcecode.swift; path = ActivityController.swift; sourceTree = "<group>"; };
		1B5EAA22262F65AE006FB701 /* TableView.swift */ = {isa = PBXFileReference; lastKnownFileType = sourcecode.swift; path = TableView.swift; sourceTree = "<group>"; };
		1B5EAA25262F66DE006FB701 /* CellView.swift */ = {isa = PBXFileReference; lastKnownFileType = sourcecode.swift; path = CellView.swift; sourceTree = "<group>"; };
		1B5EAA2A262F6AAD006FB701 /* Base */ = {isa = PBXFileReference; lastKnownFileType = file.storyboard; name = Base; path = Base.lproj/Main.storyboard; sourceTree = "<group>"; };
/* End PBXFileReference section */

/* Begin PBXFrameworksBuildPhase section */
		1B5EA9EC262F3E54006FB701 /* Frameworks */ = {
			isa = PBXFrameworksBuildPhase;
			buildActionMask = 2147483647;
			files = (
			);
			runOnlyForDeploymentPostprocessing = 0;
		};
/* End PBXFrameworksBuildPhase section */

/* Begin PBXGroup section */
		1B5EA9E6262F3E54006FB701 = {
			isa = PBXGroup;
			children = (
				1B5EA9F1262F3E54006FB701 /* Rocco_Bored */,
				1B5EA9F0262F3E54006FB701 /* Products */,
			);
			sourceTree = "<group>";
		};
		1B5EA9F0262F3E54006FB701 /* Products */ = {
			isa = PBXGroup;
			children = (
				1B5EA9EF262F3E54006FB701 /* Rocco_Bored.app */,
			);
			name = Products;
			sourceTree = "<group>";
		};
		1B5EA9F1262F3E54006FB701 /* Rocco_Bored */ = {
			isa = PBXGroup;
			children = (
				1B5EAA21262F656F006FB701 /* Views */,
				1B5EAA1B262F5695006FB701 /* Controller */,
				1B5EAA0F262F425D006FB701 /* ActivityInfo */,
				1B5EAA0A262F3EEB006FB701 /* Model */,
				1B5EA9F2262F3E54006FB701 /* AppDelegate.swift */,
				1B5EA9F4262F3E54006FB701 /* SceneDelegate.swift */,
				1B5EAA29262F6AAD006FB701 /* Main.storyboard */,
				1B5EA9FE262F3E58006FB701 /* Assets.xcassets */,
				1B5EAA00262F3E58006FB701 /* LaunchScreen.storyboard */,
				1B5EAA03262F3E58006FB701 /* Info.plist */,
			);
			path = Rocco_Bored;
			sourceTree = "<group>";
		};
		1B5EAA0A262F3EEB006FB701 /* Model */ = {
			isa = PBXGroup;
			children = (
				1B5EAA0B262F3EFE006FB701 /* Activity.swift */,
				1B4BC11A262F7D2100A561D2 /* ActivityModel.swift */,
				1B4BC122262F9ADC00A561D2 /* ActivityDataModel.xcdatamodeld */,
			);
			path = Model;
			sourceTree = "<group>";
		};
		1B5EAA0F262F425D006FB701 /* ActivityInfo */ = {
			isa = PBXGroup;
			children = (
				1B5EAA10262F4277006FB701 /* ActivtyFetcher.swift */,
			);
			path = ActivityInfo;
			sourceTree = "<group>";
		};
		1B5EAA1B262F5695006FB701 /* Controller */ = {
			isa = PBXGroup;
			children = (
				1B5EA9F6262F3E54006FB701 /* ViewController.swift */,
				1B5EAA1C262F56B3006FB701 /* ActivityController.swift */,
			);
			path = Controller;
			sourceTree = "<group>";
		};
		1B5EAA21262F656F006FB701 /* Views */ = {
			isa = PBXGroup;
			children = (
				1B5EAA22262F65AE006FB701 /* TableView.swift */,
				1B5EAA25262F66DE006FB701 /* CellView.swift */,
			);
			path = Views;
			sourceTree = "<group>";
		};
/* End PBXGroup section */

/* Begin PBXNativeTarget section */
		1B5EA9EE262F3E54006FB701 /* Rocco_Bored */ = {
			isa = PBXNativeTarget;
			buildConfigurationList = 1B5EAA06262F3E58006FB701 /* Build configuration list for PBXNativeTarget "Rocco_Bored" */;
			buildPhases = (
				1B5EA9EB262F3E54006FB701 /* Sources */,
				1B5EA9EC262F3E54006FB701 /* Frameworks */,
				1B5EA9ED262F3E54006FB701 /* Resources */,
			);
			buildRules = (
			);
			dependencies = (
			);
			name = Rocco_Bored;
			productName = Rocco_Bored;
			productReference = 1B5EA9EF262F3E54006FB701 /* Rocco_Bored.app */;
			productType = "com.apple.product-type.application";
		};
/* End PBXNativeTarget section */

/* Begin PBXProject section */
		1B5EA9E7262F3E54006FB701 /* Project object */ = {
			isa = PBXProject;
			attributes = {
				LastSwiftUpdateCheck = 1240;
				LastUpgradeCheck = 1240;
				TargetAttributes = {
					1B5EA9EE262F3E54006FB701 = {
						CreatedOnToolsVersion = 12.4;
					};
				};
			};
			buildConfigurationList = 1B5EA9EA262F3E54006FB701 /* Build configuration list for PBXProject "Rocco_Bored" */;
			compatibilityVersion = "Xcode 9.3";
			developmentRegion = en;
			hasScannedForEncodings = 0;
			knownRegions = (
				en,
				Base,
			);
			mainGroup = 1B5EA9E6262F3E54006FB701;
			productRefGroup = 1B5EA9F0262F3E54006FB701 /* Products */;
			projectDirPath = "";
			projectRoot = "";
			targets = (
				1B5EA9EE262F3E54006FB701 /* Rocco_Bored */,
			);
		};
/* End PBXProject section */

/* Begin PBXResourcesBuildPhase section */
		1B5EA9ED262F3E54006FB701 /* Resources */ = {
			isa = PBXResourcesBuildPhase;
			buildActionMask = 2147483647;
			files = (
				1B5EAA2B262F6AAD006FB701 /* Main.storyboard in Resources */,
				1B5EAA02262F3E58006FB701 /* LaunchScreen.storyboard in Resources */,
				1B5EA9FF262F3E58006FB701 /* Assets.xcassets in Resources */,
			);
			runOnlyForDeploymentPostprocessing = 0;
		};
/* End PBXResourcesBuildPhase section */

/* Begin PBXSourcesBuildPhase section */
		1B5EA9EB262F3E54006FB701 /* Sources */ = {
			isa = PBXSourcesBuildPhase;
			buildActionMask = 2147483647;
			files = (
				1B5EAA0C262F3EFE006FB701 /* Activity.swift in Sources */,
				1B5EA9F7262F3E54006FB701 /* ViewController.swift in Sources */,
				1B4BC124262F9ADC00A561D2 /* ActivityDataModel.xcdatamodeld in Sources */,
				1B5EA9F3262F3E54006FB701 /* AppDelegate.swift in Sources */,
				1B5EAA23262F65AE006FB701 /* TableView.swift in Sources */,
				1B5EAA1D262F56B3006FB701 /* ActivityController.swift in Sources */,
				1B5EAA26262F66DE006FB701 /* CellView.swift in Sources */,
				1B5EAA11262F4278006FB701 /* ActivtyFetcher.swift in Sources */,
				1B4BC11B262F7D2100A561D2 /* ActivityModel.swift in Sources */,
				1B5EA9F5262F3E54006FB701 /* SceneDelegate.swift in Sources */,
			);
			runOnlyForDeploymentPostprocessing = 0;
		};
/* End PBXSourcesBuildPhase section */

/* Begin PBXVariantGroup section */
		1B5EAA00262F3E58006FB701 /* LaunchScreen.storyboard */ = {
			isa = PBXVariantGroup;
			children = (
				1B5EAA01262F3E58006FB701 /* Base */,
			);
			name = LaunchScreen.storyboard;
			sourceTree = "<group>";
		};
		1B5EAA29262F6AAD006FB701 /* Main.storyboard */ = {
			isa = PBXVariantGroup;
			children = (
				1B5EAA2A262F6AAD006FB701 /* Base */,
			);
			name = Main.storyboard;
			sourceTree = "<group>";
		};
/* End PBXVariantGroup section */

/* Begin XCBuildConfiguration section */
		1B5EAA04262F3E58006FB701 /* Debug */ = {
			isa = XCBuildConfiguration;
			buildSettings = {
				ALWAYS_SEARCH_USER_PATHS = NO;
				CLANG_ANALYZER_NONNULL = YES;
				CLANG_ANALYZER_NUMBER_OBJECT_CONVERSION = YES_AGGRESSIVE;
				CLANG_CXX_LANGUAGE_STANDARD = "gnu++14";
				CLANG_CXX_LIBRARY = "libc++";
				CLANG_ENABLE_MODULES = YES;
				CLANG_ENABLE_OBJC_ARC = YES;
				CLANG_ENABLE_OBJC_WEAK = YES;
				CLANG_WARN_BLOCK_CAPTURE_AUTORELEASING = YES;
				CLANG_WARN_BOOL_CONVERSION = YES;
				CLANG_WARN_COMMA = YES;
				CLANG_WARN_CONSTANT_CONVERSION = YES;
				CLANG_WARN_DEPRECATED_OBJC_IMPLEMENTATIONS = YES;
				CLANG_WARN_DIRECT_OBJC_ISA_USAGE = YES_ERROR;
				CLANG_WARN_DOCUMENTATION_COMMENTS = YES;
				CLANG_WARN_EMPTY_BODY = YES;
				CLANG_WARN_ENUM_CONVERSION = YES;
				CLANG_WARN_INFINITE_RECURSION = YES;
				CLANG_WARN_INT_CONVERSION = YES;
				CLANG_WARN_NON_LITERAL_NULL_CONVERSION = YES;
				CLANG_WARN_OBJC_IMPLICIT_RETAIN_SELF = YES;
				CLANG_WARN_OBJC_LITERAL_CONVERSION = YES;
				CLANG_WARN_OBJC_ROOT_CLASS = YES_ERROR;
				CLANG_WARN_QUOTED_INCLUDE_IN_FRAMEWORK_HEADER = YES;
				CLANG_WARN_RANGE_LOOP_ANALYSIS = YES;
				CLANG_WARN_STRICT_PROTOTYPES = YES;
				CLANG_WARN_SUSPICIOUS_MOVE = YES;
				CLANG_WARN_UNGUARDED_AVAILABILITY = YES_AGGRESSIVE;
				CLANG_WARN_UNREACHABLE_CODE = YES;
				CLANG_WARN__DUPLICATE_METHOD_MATCH = YES;
				COPY_PHASE_STRIP = NO;
				DEBUG_INFORMATION_FORMAT = dwarf;
				ENABLE_STRICT_OBJC_MSGSEND = YES;
				ENABLE_TESTABILITY = YES;
				GCC_C_LANGUAGE_STANDARD = gnu11;
				GCC_DYNAMIC_NO_PIC = NO;
				GCC_NO_COMMON_BLOCKS = YES;
				GCC_OPTIMIZATION_LEVEL = 0;
				GCC_PREPROCESSOR_DEFINITIONS = (
					"DEBUG=1",
					"$(inherited)",
				);
				GCC_WARN_64_TO_32_BIT_CONVERSION = YES;
				GCC_WARN_ABOUT_RETURN_TYPE = YES_ERROR;
				GCC_WARN_UNDECLARED_SELECTOR = YES;
				GCC_WARN_UNINITIALIZED_AUTOS = YES_AGGRESSIVE;
				GCC_WARN_UNUSED_FUNCTION = YES;
				GCC_WARN_UNUSED_VARIABLE = YES;
				IPHONEOS_DEPLOYMENT_TARGET = 14.4;
				MTL_ENABLE_DEBUG_INFO = INCLUDE_SOURCE;
				MTL_FAST_MATH = YES;
				ONLY_ACTIVE_ARCH = YES;
				SDKROOT = iphoneos;
				SWIFT_ACTIVE_COMPILATION_CONDITIONS = DEBUG;
				SWIFT_OPTIMIZATION_LEVEL = "-Onone";
			};
			name = Debug;
		};
		1B5EAA05262F3E58006FB701 /* Release */ = {
			isa = XCBuildConfiguration;
			buildSettings = {
				ALWAYS_SEARCH_USER_PATHS = NO;
				CLANG_ANALYZER_NONNULL = YES;
				CLANG_ANALYZER_NUMBER_OBJECT_CONVERSION = YES_AGGRESSIVE;
				CLANG_CXX_LANGUAGE_STANDARD = "gnu++14";
				CLANG_CXX_LIBRARY = "libc++";
				CLANG_ENABLE_MODULES = YES;
				CLANG_ENABLE_OBJC_ARC = YES;
				CLANG_ENABLE_OBJC_WEAK = YES;
				CLANG_WARN_BLOCK_CAPTURE_AUTORELEASING = YES;
				CLANG_WARN_BOOL_CONVERSION = YES;
				CLANG_WARN_COMMA = YES;
				CLANG_WARN_CONSTANT_CONVERSION = YES;
				CLANG_WARN_DEPRECATED_OBJC_IMPLEMENTATIONS = YES;
				CLANG_WARN_DIRECT_OBJC_ISA_USAGE = YES_ERROR;
				CLANG_WARN_DOCUMENTATION_COMMENTS = YES;
				CLANG_WARN_EMPTY_BODY = YES;
				CLANG_WARN_ENUM_CONVERSION = YES;
				CLANG_WARN_INFINITE_RECURSION = YES;
				CLANG_WARN_INT_CONVERSION = YES;
				CLANG_WARN_NON_LITERAL_NULL_CONVERSION = YES;
				CLANG_WARN_OBJC_IMPLICIT_RETAIN_SELF = YES;
				CLANG_WARN_OBJC_LITERAL_CONVERSION = YES;
				CLANG_WARN_OBJC_ROOT_CLASS = YES_ERROR;
				CLANG_WARN_QUOTED_INCLUDE_IN_FRAMEWORK_HEADER = YES;
				CLANG_WARN_RANGE_LOOP_ANALYSIS = YES;
				CLANG_WARN_STRICT_PROTOTYPES = YES;
				CLANG_WARN_SUSPICIOUS_MOVE = YES;
				CLANG_WARN_UNGUARDED_AVAILABILITY = YES_AGGRESSIVE;
				CLANG_WARN_UNREACHABLE_CODE = YES;
				CLANG_WARN__DUPLICATE_METHOD_MATCH = YES;
				COPY_PHASE_STRIP = NO;
				DEBUG_INFORMATION_FORMAT = "dwarf-with-dsym";
				ENABLE_NS_ASSERTIONS = NO;
				ENABLE_STRICT_OBJC_MSGSEND = YES;
				GCC_C_LANGUAGE_STANDARD = gnu11;
				GCC_NO_COMMON_BLOCKS = YES;
				GCC_WARN_64_TO_32_BIT_CONVERSION = YES;
				GCC_WARN_ABOUT_RETURN_TYPE = YES_ERROR;
				GCC_WARN_UNDECLARED_SELECTOR = YES;
				GCC_WARN_UNINITIALIZED_AUTOS = YES_AGGRESSIVE;
				GCC_WARN_UNUSED_FUNCTION = YES;
				GCC_WARN_UNUSED_VARIABLE = YES;
				IPHONEOS_DEPLOYMENT_TARGET = 14.4;
				MTL_ENABLE_DEBUG_INFO = NO;
				MTL_FAST_MATH = YES;
				SDKROOT = iphoneos;
				SWIFT_COMPILATION_MODE = wholemodule;
				SWIFT_OPTIMIZATION_LEVEL = "-O";
				VALIDATE_PRODUCT = YES;
			};
			name = Release;
		};
		1B5EAA07262F3E58006FB701 /* Debug */ = {
			isa = XCBuildConfiguration;
			buildSettings = {
				ASSETCATALOG_COMPILER_APPICON_NAME = AppIcon;
				ASSETCATALOG_COMPILER_GLOBAL_ACCENT_COLOR_NAME = AccentColor;
				CODE_SIGN_STYLE = Automatic;
				INFOPLIST_FILE = Rocco_Bored/Info.plist;
				LD_RUNPATH_SEARCH_PATHS = (
					"$(inherited)",
					"@executable_path/Frameworks",
				);
				PRODUCT_BUNDLE_IDENTIFIER = "com.RoccoA.Rocco-Bored";
				PRODUCT_NAME = "$(TARGET_NAME)";
				SWIFT_VERSION = 5.0;
				TARGETED_DEVICE_FAMILY = "1,2";
			};
			name = Debug;
		};
		1B5EAA08262F3E58006FB701 /* Release */ = {
			isa = XCBuildConfiguration;
			buildSettings = {
				ASSETCATALOG_COMPILER_APPICON_NAME = AppIcon;
				ASSETCATALOG_COMPILER_GLOBAL_ACCENT_COLOR_NAME = AccentColor;
				CODE_SIGN_STYLE = Automatic;
				INFOPLIST_FILE = Rocco_Bored/Info.plist;
				LD_RUNPATH_SEARCH_PATHS = (
					"$(inherited)",
					"@executable_path/Frameworks",
				);
				PRODUCT_BUNDLE_IDENTIFIER = "com.RoccoA.Rocco-Bored";
				PRODUCT_NAME = "$(TARGET_NAME)";
				SWIFT_VERSION = 5.0;
				TARGETED_DEVICE_FAMILY = "1,2";
			};
			name = Release;
		};
/* End XCBuildConfiguration section */

/* Begin XCConfigurationList section */
		1B5EA9EA262F3E54006FB701 /* Build configuration list for PBXProject "Rocco_Bored" */ = {
			isa = XCConfigurationList;
			buildConfigurations = (
				1B5EAA04262F3E58006FB701 /* Debug */,
				1B5EAA05262F3E58006FB701 /* Release */,
			);
			defaultConfigurationIsVisible = 0;
			defaultConfigurationName = Release;
		};
		1B5EAA06262F3E58006FB701 /* Build configuration list for PBXNativeTarget "Rocco_Bored" */ = {
			isa = XCConfigurationList;
			buildConfigurations = (
				1B5EAA07262F3E58006FB701 /* Debug */,
				1B5EAA08262F3E58006FB701 /* Release */,
			);
			defaultConfigurationIsVisible = 0;
			defaultConfigurationName = Release;
		};
/* End XCConfigurationList section */

/* Begin XCVersionGroup section */
		1B4BC122262F9ADC00A561D2 /* ActivityDataModel.xcdatamodeld */ = {
			isa = XCVersionGroup;
			children = (
				1B4BC123262F9ADC00A561D2 /* ActivityDataModel.xcdatamodel */,
			);
			currentVersion = 1B4BC123262F9ADC00A561D2 /* ActivityDataModel.xcdatamodel */;
			path = ActivityDataModel.xcdatamodeld;
			sourceTree = "<group>";
			versionGroupType = wrapper.xcdatamodel;
		};
/* End XCVersionGroup section */
	};
	rootObject = 1B5EA9E7262F3E54006FB701 /* Project object */;
}
